
Microsoft Visual Studio Solution File, Format Version 12.00
# Visual Studio Version 17
VisualStudioVersion = 17.4.33213.308
MinimumVisualStudioVersion = 10.0.40219.1
Project("{2150E333-8FDC-42A3-9474-1A3956D46DE8}") = "Homework1", "Homework1", "{7F2C8490-8FBF-4A7F-9CB2-C43E38779504}"
EndProject
Project("{9A19103F-16F7-4668-BE54-9A1E7A4F7556}") = "Homework1", "Homework1\Homework1\Homework1.csproj", "{B13C740A-EBBC-4D65-B31A-3B2017AE12C6}"
EndProject
Project("{2150E333-8FDC-42A3-9474-1A3956D46DE8}") = "Homework2", "Homework2", "{666F96CC-01AC-4EEA-A2D6-C0DC892AF023}"
EndProject
Project("{9A19103F-16F7-4668-BE54-9A1E7A4F7556}") = "Homework2", "Homework2\Homework2\Homework2.csproj", "{98D12C15-ACAD-4C5E-B208-5E9B47C9E7A0}"
EndProject
Project("{2150E333-8FDC-42A3-9474-1A3956D46DE8}") = "Homework3", "Homework3", "{CFF936E4-ADFB-45BF-A69D-7EEFBDF2B160}"
EndProject
Project("{9A19103F-16F7-4668-BE54-9A1E7A4F7556}") = "Homework3", "Homework3\Homework3\Homework3.csproj", "{AC58CB01-EBEA-4888-B836-4AEDD4848860}"
EndProject
Project("{2150E333-8FDC-42A3-9474-1A3956D46DE8}") = "Homework4", "Homework4", "{EF0B9035-2D77-47B3-ABDF-7901873B4D0E}"
EndProject
Project("{9A19103F-16F7-4668-BE54-9A1E7A4F7556}") = "Homework4", "Homework4\Homework4\Homework4.csproj", "{F9A50E19-BC6B-4164-B769-119EEFE4BF43}"
EndProject
Project("{2150E333-8FDC-42A3-9474-1A3956D46DE8}") = "Homework5", "Homework5", "{C3D50E92-F933-4BE2-BFD5-8FCCC9489D99}"
EndProject
Project("{9A19103F-16F7-4668-BE54-9A1E7A4F7556}") = "Homework5", "Homework5\Homework5\Homework5.csproj", "{E933C35A-811D-4951-8D29-174EC0FAA5C8}"
EndProject
Project("{2150E333-8FDC-42A3-9474-1A3956D46DE8}") = "Homework6", "Homework6", "{6813BC6D-2CA1-433C-8098-E79FCB5EA0A8}"
EndProject
Project("{9A19103F-16F7-4668-BE54-9A1E7A4F7556}") = "Homework6", "Homework6\Homework6\Homework6.csproj", "{015AB790-920C-49C1-A9B9-55CD10D2C7F8}"
EndProject
Project("{2150E333-8FDC-42A3-9474-1A3956D46DE8}") = "HighSchoolExample(Puanlı-Ödev)", "HighSchoolExample(Puanlı-Ödev)", "{BF1B13EB-C95D-4754-B29B-853A734CBA8F}"
EndProject
Project("{2150E333-8FDC-42A3-9474-1A3956D46DE8}") = "Presentation", "Presentation", "{33BB547D-DFCE-494B-8965-8A24E53F006C}"
EndProject
Project("{2150E333-8FDC-42A3-9474-1A3956D46DE8}") = "CssExamples", "CssExamples", "{AA79DB74-6D2B-40F8-9A8C-ED65EE4D3FBC}"
EndProject
Project("{2150E333-8FDC-42A3-9474-1A3956D46DE8}") = "Flex-Wrap", "Flex-Wrap", "{AA2A97B2-23CC-40AD-B80E-020065B56A70}"
	ProjectSection(SolutionItems) = preProject
		CssExamples\Flex-Wrap\cat.png = CssExamples\Flex-Wrap\cat.png
		index.html = index.html
		style.css = style.css
	EndProjectSection
EndProject
Project("{9A19103F-16F7-4668-BE54-9A1E7A4F7556}") = "HighSchoolExample.Core", "HighSchoolExample(Puanlı-Ödev)\HighSchoolExample.Core\HighSchoolExample.Core.csproj", "{99232948-544F-43B3-AE61-2F32325CB63F}"
EndProject
Project("{9A19103F-16F7-4668-BE54-9A1E7A4F7556}") = "HighSchoolExample.Infrastructure", "HighSchoolExample(Puanlı-Ödev)\HighSchoolExample.Infrastructure\HighSchoolExample.Infrastructure.csproj", "{F8AE87FC-E5D4-4749-AFFD-E3D176C3A9B2}"
EndProject
Project("{9A19103F-16F7-4668-BE54-9A1E7A4F7556}") = "HighSchoolExample.ConsoleApp", "HighSchoolExample(Puanlı-Ödev)\Presentation\HighSchoolExample.ConsoleApp\HighSchoolExample.ConsoleApp.csproj", "{923A3EA5-2E36-4231-96FA-7E2461227CB6}"
EndProject
Project("{2150E333-8FDC-42A3-9474-1A3956D46DE8}") = "Grid", "Grid", "{71A43854-2375-4A59-91F8-EBCF185AB9C0}"
	ProjectSection(SolutionItems) = preProject
		CssExamples\Grid\index.html = CssExamples\Grid\index.html
	EndProjectSection
EndProject
Project("{2150E333-8FDC-42A3-9474-1A3956D46DE8}") = "GlassEffect", "GlassEffect", "{CFBA15A4-945A-4E58-A305-0F41978CD4DB}"
	ProjectSection(SolutionItems) = preProject
		CssExamples\GlassEffect\cat.png = CssExamples\GlassEffect\cat.png
		CssExamples\GlassEffect\index.html = CssExamples\GlassEffect\index.html
	EndProjectSection
EndProject
Project("{2150E333-8FDC-42A3-9474-1A3956D46DE8}") = "BootstrapExample", "BootstrapExample", "{1FA5A4D7-C1DB-4AEF-B7E5-368C7132E428}"
	ProjectSection(SolutionItems) = preProject
		CssExamples\BootstrapExample\index.html = CssExamples\BootstrapExample\index.html
		CssExamples\BootstrapExample\laptop.jpg = CssExamples\BootstrapExample\laptop.jpg
	EndProjectSection
EndProject
Project("{2150E333-8FDC-42A3-9474-1A3956D46DE8}") = "JavascriptExamples", "JavascriptExamples", "{B21151EA-F9C7-4655-931F-D20C427B896D}"
EndProject
Project("{2150E333-8FDC-42A3-9474-1A3956D46DE8}") = "RandomlyChangeColorOfElements", "RandomlyChangeColorOfElements", "{B09096C9-D2A7-4DA1-9490-E4ADFC9CEF90}"
	ProjectSection(SolutionItems) = preProject
		JavascriptExamples\RandomlyChangeColorOfElements\changeColor.js = JavascriptExamples\RandomlyChangeColorOfElements\changeColor.js
		JavascriptExamples\RandomlyChangeColorOfElements\index.html = JavascriptExamples\RandomlyChangeColorOfElements\index.html
		JavascriptExamples\RandomlyChangeColorOfElements\style.css = JavascriptExamples\RandomlyChangeColorOfElements\style.css
	EndProjectSection
EndProject
Project("{2150E333-8FDC-42A3-9474-1A3956D46DE8}") = "FetchExample", "FetchExample", "{5CD8BCFB-4A66-4FB5-B3FA-F2E8C83FE5EF}"
	ProjectSection(SolutionItems) = preProject
		JavascriptExamples\FetchExample\fetching.js = JavascriptExamples\FetchExample\fetching.js
		JavascriptExamples\FetchExample\index.html = JavascriptExamples\FetchExample\index.html
		JavascriptExamples\FetchExample\sytle.css = JavascriptExamples\FetchExample\sytle.css
	EndProjectSection
EndProject
Project("{2150E333-8FDC-42A3-9474-1A3956D46DE8}") = "TSqlExamples", "TSqlExamples", "{3554EEFC-03D5-4708-B733-F5D38290CFA2}"
EndProject
Project("{2150E333-8FDC-42A3-9474-1A3956D46DE8}") = "SteamCloneDatabase", "SteamCloneDatabase", "{EEF39C97-DE7A-46B2-B965-8142B895A093}"
	ProjectSection(SolutionItems) = preProject
		TSqlExamples\SteamCloneDatabase\SteamCloneDatabaseDiagram.png = TSqlExamples\SteamCloneDatabase\SteamCloneDatabaseDiagram.png
	EndProjectSection
EndProject
Project("{2150E333-8FDC-42A3-9474-1A3956D46DE8}") = "2DBreakoutGame", "2DBreakoutGame", "{62B190F9-70C8-4BB3-921E-D1BD9B092652}"
	ProjectSection(SolutionItems) = preProject
		JavascriptExamples\2DBreakoutGame\bounceOffTheWalls.html = JavascriptExamples\2DBreakoutGame\bounceOffTheWalls.html
		JavascriptExamples\2DBreakoutGame\collisionDetection.html = JavascriptExamples\2DBreakoutGame\collisionDetection.html
		JavascriptExamples\2DBreakoutGame\finishingUp.html = JavascriptExamples\2DBreakoutGame\finishingUp.html
		JavascriptExamples\2DBreakoutGame\gameOver.html = JavascriptExamples\2DBreakoutGame\gameOver.html
		JavascriptExamples\2DBreakoutGame\index.html = JavascriptExamples\2DBreakoutGame\index.html
		JavascriptExamples\2DBreakoutGame\mouseControls.html = JavascriptExamples\2DBreakoutGame\mouseControls.html
		JavascriptExamples\2DBreakoutGame\moveTheBall.html = JavascriptExamples\2DBreakoutGame\moveTheBall.html
		JavascriptExamples\2DBreakoutGame\paddleAndKeyboardControls.html = JavascriptExamples\2DBreakoutGame\paddleAndKeyboardControls.html
		JavascriptExamples\2DBreakoutGame\trackTheScoreAndWin.html = JavascriptExamples\2DBreakoutGame\trackTheScoreAndWin.html
	EndProjectSection
EndProject
Project("{2150E333-8FDC-42A3-9474-1A3956D46DE8}") = "SteamCloneApp(Puanlı-Odev-2)", "SteamCloneApp(Puanlı-Odev-2)", "{D980451A-1219-40AC-9667-D952BE76B8D2}"
EndProject
Project("{9A19103F-16F7-4668-BE54-9A1E7A4F7556}") = "SteamCloneApp.Entities", "SteamCloneApp(Puanlı-Odev-2)\SteamCloneApp.Entities\SteamCloneApp.Entities.csproj", "{BD2187ED-413F-423B-8236-0C76D713C637}"
EndProject
Project("{9A19103F-16F7-4668-BE54-9A1E7A4F7556}") = "SteamCloneApp.DataAccess", "SteamCloneApp(Puanlı-Odev-2)\SteamCloneApp.DataAccess\SteamCloneApp.DataAccess.csproj", "{BB1D09F3-E48D-4B67-8413-27E3F1E60FDF}"
EndProject
Project("{9A19103F-16F7-4668-BE54-9A1E7A4F7556}") = "SteamCloneApp.Business", "SteamCloneApp(Puanlı-Odev-2)\SteamCloneApp.Business\SteamCloneApp.Business.csproj", "{688CEEFC-CB3F-42D0-A521-855BE773F68E}"
EndProject
Project("{9A19103F-16F7-4668-BE54-9A1E7A4F7556}") = "SteamCloneApp.MVC", "SteamCloneApp(Puanlı-Odev-2)\SteamCloneApp.MVC\SteamCloneApp.MVC.csproj", "{554B2DC4-AE8E-409C-AE3E-C8336156211C}"
EndProject
Project("{2150E333-8FDC-42A3-9474-1A3956D46DE8}") = "Homework7", "Homework7", "{F96B3D8F-2F65-4723-8555-73100ABEC0A4}"
EndProject
Project("{2150E333-8FDC-42A3-9474-1A3956D46DE8}") = "HangFire", "HangFire", "{EE1CA91C-86FF-4EAA-B780-1AED490C6883}"
EndProject
Project("{9A19103F-16F7-4668-BE54-9A1E7A4F7556}") = "HangFireExample", "Homework7\Hangfire\HangFireExample\HangFireExample.csproj", "{2B527EA5-B904-46D6-9E99-BA37724FAD2C}"
EndProject
Global
	GlobalSection(SolutionConfigurationPlatforms) = preSolution
		Debug|Any CPU = Debug|Any CPU
		Release|Any CPU = Release|Any CPU
	EndGlobalSection
	GlobalSection(ProjectConfigurationPlatforms) = postSolution
		{B13C740A-EBBC-4D65-B31A-3B2017AE12C6}.Debug|Any CPU.ActiveCfg = Debug|Any CPU
		{B13C740A-EBBC-4D65-B31A-3B2017AE12C6}.Debug|Any CPU.Build.0 = Debug|Any CPU
		{B13C740A-EBBC-4D65-B31A-3B2017AE12C6}.Release|Any CPU.ActiveCfg = Release|Any CPU
		{B13C740A-EBBC-4D65-B31A-3B2017AE12C6}.Release|Any CPU.Build.0 = Release|Any CPU
		{98D12C15-ACAD-4C5E-B208-5E9B47C9E7A0}.Debug|Any CPU.ActiveCfg = Debug|Any CPU
		{98D12C15-ACAD-4C5E-B208-5E9B47C9E7A0}.Debug|Any CPU.Build.0 = Debug|Any CPU
		{98D12C15-ACAD-4C5E-B208-5E9B47C9E7A0}.Release|Any CPU.ActiveCfg = Release|Any CPU
		{98D12C15-ACAD-4C5E-B208-5E9B47C9E7A0}.Release|Any CPU.Build.0 = Release|Any CPU
		{AC58CB01-EBEA-4888-B836-4AEDD4848860}.Debug|Any CPU.ActiveCfg = Debug|Any CPU
		{AC58CB01-EBEA-4888-B836-4AEDD4848860}.Debug|Any CPU.Build.0 = Debug|Any CPU
		{AC58CB01-EBEA-4888-B836-4AEDD4848860}.Release|Any CPU.ActiveCfg = Release|Any CPU
		{AC58CB01-EBEA-4888-B836-4AEDD4848860}.Release|Any CPU.Build.0 = Release|Any CPU
		{F9A50E19-BC6B-4164-B769-119EEFE4BF43}.Debug|Any CPU.ActiveCfg = Debug|Any CPU
		{F9A50E19-BC6B-4164-B769-119EEFE4BF43}.Debug|Any CPU.Build.0 = Debug|Any CPU
		{F9A50E19-BC6B-4164-B769-119EEFE4BF43}.Release|Any CPU.ActiveCfg = Release|Any CPU
		{F9A50E19-BC6B-4164-B769-119EEFE4BF43}.Release|Any CPU.Build.0 = Release|Any CPU
		{E933C35A-811D-4951-8D29-174EC0FAA5C8}.Debug|Any CPU.ActiveCfg = Debug|Any CPU
		{E933C35A-811D-4951-8D29-174EC0FAA5C8}.Debug|Any CPU.Build.0 = Debug|Any CPU
		{E933C35A-811D-4951-8D29-174EC0FAA5C8}.Release|Any CPU.ActiveCfg = Release|Any CPU
		{E933C35A-811D-4951-8D29-174EC0FAA5C8}.Release|Any CPU.Build.0 = Release|Any CPU
		{015AB790-920C-49C1-A9B9-55CD10D2C7F8}.Debug|Any CPU.ActiveCfg = Debug|Any CPU
		{015AB790-920C-49C1-A9B9-55CD10D2C7F8}.Debug|Any CPU.Build.0 = Debug|Any CPU
		{015AB790-920C-49C1-A9B9-55CD10D2C7F8}.Release|Any CPU.ActiveCfg = Release|Any CPU
		{015AB790-920C-49C1-A9B9-55CD10D2C7F8}.Release|Any CPU.Build.0 = Release|Any CPU
		{99232948-544F-43B3-AE61-2F32325CB63F}.Debug|Any CPU.ActiveCfg = Debug|Any CPU
		{99232948-544F-43B3-AE61-2F32325CB63F}.Debug|Any CPU.Build.0 = Debug|Any CPU
		{99232948-544F-43B3-AE61-2F32325CB63F}.Release|Any CPU.ActiveCfg = Release|Any CPU
		{99232948-544F-43B3-AE61-2F32325CB63F}.Release|Any CPU.Build.0 = Release|Any CPU
		{F8AE87FC-E5D4-4749-AFFD-E3D176C3A9B2}.Debug|Any CPU.ActiveCfg = Debug|Any CPU
		{F8AE87FC-E5D4-4749-AFFD-E3D176C3A9B2}.Debug|Any CPU.Build.0 = Debug|Any CPU
		{F8AE87FC-E5D4-4749-AFFD-E3D176C3A9B2}.Release|Any CPU.ActiveCfg = Release|Any CPU
		{F8AE87FC-E5D4-4749-AFFD-E3D176C3A9B2}.Release|Any CPU.Build.0 = Release|Any CPU
		{923A3EA5-2E36-4231-96FA-7E2461227CB6}.Debug|Any CPU.ActiveCfg = Debug|Any CPU
		{923A3EA5-2E36-4231-96FA-7E2461227CB6}.Debug|Any CPU.Build.0 = Debug|Any CPU
		{923A3EA5-2E36-4231-96FA-7E2461227CB6}.Release|Any CPU.ActiveCfg = Release|Any CPU
		{923A3EA5-2E36-4231-96FA-7E2461227CB6}.Release|Any CPU.Build.0 = Release|Any CPU
		{BD2187ED-413F-423B-8236-0C76D713C637}.Debug|Any CPU.ActiveCfg = Debug|Any CPU
		{BD2187ED-413F-423B-8236-0C76D713C637}.Debug|Any CPU.Build.0 = Debug|Any CPU
		{BD2187ED-413F-423B-8236-0C76D713C637}.Release|Any CPU.ActiveCfg = Release|Any CPU
		{BD2187ED-413F-423B-8236-0C76D713C637}.Release|Any CPU.Build.0 = Release|Any CPU
		{BB1D09F3-E48D-4B67-8413-27E3F1E60FDF}.Debug|Any CPU.ActiveCfg = Debug|Any CPU
		{BB1D09F3-E48D-4B67-8413-27E3F1E60FDF}.Debug|Any CPU.Build.0 = Debug|Any CPU
		{BB1D09F3-E48D-4B67-8413-27E3F1E60FDF}.Release|Any CPU.ActiveCfg = Release|Any CPU
		{BB1D09F3-E48D-4B67-8413-27E3F1E60FDF}.Release|Any CPU.Build.0 = Release|Any CPU
		{688CEEFC-CB3F-42D0-A521-855BE773F68E}.Debug|Any CPU.ActiveCfg = Debug|Any CPU
		{688CEEFC-CB3F-42D0-A521-855BE773F68E}.Debug|Any CPU.Build.0 = Debug|Any CPU
		{688CEEFC-CB3F-42D0-A521-855BE773F68E}.Release|Any CPU.ActiveCfg = Release|Any CPU
		{688CEEFC-CB3F-42D0-A521-855BE773F68E}.Release|Any CPU.Build.0 = Release|Any CPU
		{554B2DC4-AE8E-409C-AE3E-C8336156211C}.Debug|Any CPU.ActiveCfg = Debug|Any CPU
		{554B2DC4-AE8E-409C-AE3E-C8336156211C}.Debug|Any CPU.Build.0 = Debug|Any CPU
		{554B2DC4-AE8E-409C-AE3E-C8336156211C}.Release|Any CPU.ActiveCfg = Release|Any CPU
		{554B2DC4-AE8E-409C-AE3E-C8336156211C}.Release|Any CPU.Build.0 = Release|Any CPU
		{2B527EA5-B904-46D6-9E99-BA37724FAD2C}.Debug|Any CPU.ActiveCfg = Debug|Any CPU
		{2B527EA5-B904-46D6-9E99-BA37724FAD2C}.Debug|Any CPU.Build.0 = Debug|Any CPU
		{2B527EA5-B904-46D6-9E99-BA37724FAD2C}.Release|Any CPU.ActiveCfg = Release|Any CPU
		{2B527EA5-B904-46D6-9E99-BA37724FAD2C}.Release|Any CPU.Build.0 = Release|Any CPU
	EndGlobalSection
	GlobalSection(SolutionProperties) = preSolution
		HideSolutionNode = FALSE
	EndGlobalSection
	GlobalSection(NestedProjects) = preSolution
		{B13C740A-EBBC-4D65-B31A-3B2017AE12C6} = {7F2C8490-8FBF-4A7F-9CB2-C43E38779504}
		{98D12C15-ACAD-4C5E-B208-5E9B47C9E7A0} = {666F96CC-01AC-4EEA-A2D6-C0DC892AF023}
		{AC58CB01-EBEA-4888-B836-4AEDD4848860} = {CFF936E4-ADFB-45BF-A69D-7EEFBDF2B160}
		{F9A50E19-BC6B-4164-B769-119EEFE4BF43} = {EF0B9035-2D77-47B3-ABDF-7901873B4D0E}
		{E933C35A-811D-4951-8D29-174EC0FAA5C8} = {C3D50E92-F933-4BE2-BFD5-8FCCC9489D99}
		{015AB790-920C-49C1-A9B9-55CD10D2C7F8} = {6813BC6D-2CA1-433C-8098-E79FCB5EA0A8}
		{33BB547D-DFCE-494B-8965-8A24E53F006C} = {BF1B13EB-C95D-4754-B29B-853A734CBA8F}
		{AA2A97B2-23CC-40AD-B80E-020065B56A70} = {AA79DB74-6D2B-40F8-9A8C-ED65EE4D3FBC}
		{99232948-544F-43B3-AE61-2F32325CB63F} = {BF1B13EB-C95D-4754-B29B-853A734CBA8F}
		{F8AE87FC-E5D4-4749-AFFD-E3D176C3A9B2} = {BF1B13EB-C95D-4754-B29B-853A734CBA8F}
		{923A3EA5-2E36-4231-96FA-7E2461227CB6} = {33BB547D-DFCE-494B-8965-8A24E53F006C}
		{71A43854-2375-4A59-91F8-EBCF185AB9C0} = {AA79DB74-6D2B-40F8-9A8C-ED65EE4D3FBC}
		{CFBA15A4-945A-4E58-A305-0F41978CD4DB} = {AA79DB74-6D2B-40F8-9A8C-ED65EE4D3FBC}
		{1FA5A4D7-C1DB-4AEF-B7E5-368C7132E428} = {AA79DB74-6D2B-40F8-9A8C-ED65EE4D3FBC}
		{B09096C9-D2A7-4DA1-9490-E4ADFC9CEF90} = {B21151EA-F9C7-4655-931F-D20C427B896D}
		{5CD8BCFB-4A66-4FB5-B3FA-F2E8C83FE5EF} = {B21151EA-F9C7-4655-931F-D20C427B896D}
		{EEF39C97-DE7A-46B2-B965-8142B895A093} = {3554EEFC-03D5-4708-B733-F5D38290CFA2}
		{62B190F9-70C8-4BB3-921E-D1BD9B092652} = {B21151EA-F9C7-4655-931F-D20C427B896D}
		{BD2187ED-413F-423B-8236-0C76D713C637} = {D980451A-1219-40AC-9667-D952BE76B8D2}
		{BB1D09F3-E48D-4B67-8413-27E3F1E60FDF} = {D980451A-1219-40AC-9667-D952BE76B8D2}
		{688CEEFC-CB3F-42D0-A521-855BE773F68E} = {D980451A-1219-40AC-9667-D952BE76B8D2}
		{554B2DC4-AE8E-409C-AE3E-C8336156211C} = {D980451A-1219-40AC-9667-D952BE76B8D2}
		{EE1CA91C-86FF-4EAA-B780-1AED490C6883} = {F96B3D8F-2F65-4723-8555-73100ABEC0A4}
		{2B527EA5-B904-46D6-9E99-BA37724FAD2C} = {EE1CA91C-86FF-4EAA-B780-1AED490C6883}
	EndGlobalSection
	GlobalSection(ExtensibilityGlobals) = postSolution
		SolutionGuid = {E412EA90-6137-4E34-A32D-CF15ABB254B4}
	EndGlobalSection
EndGlobal
